
Microsoft Visual Studio Solution File, Format Version 12.00
# Visual Studio Version 16
VisualStudioVersion = 16.0.30204.135
MinimumVisualStudioVersion = 10.0.40219.1
Project("{FAE04EC0-301F-11D3-BF4B-00C04F79EFBC}") = "sherlockAndAnagrams", "sherlockAndAnagrams\sherlockAndAnagrams.csproj", "{13819159-7C8F-41D6-9BEA-8F15DB8BEA73}"
EndProject
Project("{FAE04EC0-301F-11D3-BF4B-00C04F79EFBC}") = "SpecialStringAgain", "SpecialStringAgain\SpecialStringAgain.csproj", "{7301C25D-4D16-46AA-A3FB-B76257583EC6}"
EndProject
Project("{FAE04EC0-301F-11D3-BF4B-00C04F79EFBC}") = "IceCreamPalor", "IceCreamPalor\IceCreamPalor.csproj", "{09EEE7EE-D70D-40A1-8792-4D3B047693DE}"
EndProject
Project("{FAE04EC0-301F-11D3-BF4B-00C04F79EFBC}") = "MaxArraySum", "MaxArraySum\MaxArraySum.csproj", "{82CC41D2-6225-4F35-8844-C5F90F6F72FD}"
EndProject
Project("{FAE04EC0-301F-11D3-BF4B-00C04F79EFBC}") = "leftArr", "leftArr\leftArr.csproj", "{8D9B6783-FC7F-4AD6-84F1-6629556C0661}"
EndProject
Project("{FAE04EC0-301F-11D3-BF4B-00C04F79EFBC}") = "MakingAnagram", "MakingAnagram\MakingAnagram.csproj", "{8B368A46-82B2-455E-89AE-45A50D16704B}"
EndProject
Project("{FAE04EC0-301F-11D3-BF4B-00C04F79EFBC}") = "Pairs", "Pairs\Pairs.csproj", "{794FD3CE-2A0B-4DDF-BA55-7F24E8385981}"
EndProject
Project("{FAE04EC0-301F-11D3-BF4B-00C04F79EFBC}") = "TripleSum", "TripleSum\TripleSum.csproj", "{CFE2B027-BB01-47CB-8317-91F0BA9D4E99}"
EndProject
Global
	GlobalSection(SolutionConfigurationPlatforms) = preSolution
		Debug|Any CPU = Debug|Any CPU
		Release|Any CPU = Release|Any CPU
	EndGlobalSection
	GlobalSection(ProjectConfigurationPlatforms) = postSolution
		{13819159-7C8F-41D6-9BEA-8F15DB8BEA73}.Debug|Any CPU.ActiveCfg = Debug|Any CPU
		{13819159-7C8F-41D6-9BEA-8F15DB8BEA73}.Debug|Any CPU.Build.0 = Debug|Any CPU
		{13819159-7C8F-41D6-9BEA-8F15DB8BEA73}.Release|Any CPU.ActiveCfg = Release|Any CPU
		{13819159-7C8F-41D6-9BEA-8F15DB8BEA73}.Release|Any CPU.Build.0 = Release|Any CPU
		{7301C25D-4D16-46AA-A3FB-B76257583EC6}.Debug|Any CPU.ActiveCfg = Debug|Any CPU
		{7301C25D-4D16-46AA-A3FB-B76257583EC6}.Debug|Any CPU.Build.0 = Debug|Any CPU
		{7301C25D-4D16-46AA-A3FB-B76257583EC6}.Release|Any CPU.ActiveCfg = Release|Any CPU
		{7301C25D-4D16-46AA-A3FB-B76257583EC6}.Release|Any CPU.Build.0 = Release|Any CPU
		{09EEE7EE-D70D-40A1-8792-4D3B047693DE}.Debug|Any CPU.ActiveCfg = Debug|Any CPU
		{09EEE7EE-D70D-40A1-8792-4D3B047693DE}.Debug|Any CPU.Build.0 = Debug|Any CPU
		{09EEE7EE-D70D-40A1-8792-4D3B047693DE}.Release|Any CPU.ActiveCfg = Release|Any CPU
		{09EEE7EE-D70D-40A1-8792-4D3B047693DE}.Release|Any CPU.Build.0 = Release|Any CPU
		{82CC41D2-6225-4F35-8844-C5F90F6F72FD}.Debug|Any CPU.ActiveCfg = Debug|Any CPU
		{82CC41D2-6225-4F35-8844-C5F90F6F72FD}.Debug|Any CPU.Build.0 = Debug|Any CPU
		{82CC41D2-6225-4F35-8844-C5F90F6F72FD}.Release|Any CPU.ActiveCfg = Release|Any CPU
		{82CC41D2-6225-4F35-8844-C5F90F6F72FD}.Release|Any CPU.Build.0 = Release|Any CPU
		{8D9B6783-FC7F-4AD6-84F1-6629556C0661}.Debug|Any CPU.ActiveCfg = Debug|Any CPU
		{8D9B6783-FC7F-4AD6-84F1-6629556C0661}.Debug|Any CPU.Build.0 = Debug|Any CPU
		{8D9B6783-FC7F-4AD6-84F1-6629556C0661}.Release|Any CPU.ActiveCfg = Release|Any CPU
		{8D9B6783-FC7F-4AD6-84F1-6629556C0661}.Release|Any CPU.Build.0 = Release|Any CPU
		{8B368A46-82B2-455E-89AE-45A50D16704B}.Debug|Any CPU.ActiveCfg = Debug|Any CPU
		{8B368A46-82B2-455E-89AE-45A50D16704B}.Debug|Any CPU.Build.0 = Debug|Any CPU
		{8B368A46-82B2-455E-89AE-45A50D16704B}.Release|Any CPU.ActiveCfg = Release|Any CPU
		{8B368A46-82B2-455E-89AE-45A50D16704B}.Release|Any CPU.Build.0 = Release|Any CPU
		{794FD3CE-2A0B-4DDF-BA55-7F24E8385981}.Debug|Any CPU.ActiveCfg = Debug|Any CPU
		{794FD3CE-2A0B-4DDF-BA55-7F24E8385981}.Debug|Any CPU.Build.0 = Debug|Any CPU
		{794FD3CE-2A0B-4DDF-BA55-7F24E8385981}.Release|Any CPU.ActiveCfg = Release|Any CPU
		{794FD3CE-2A0B-4DDF-BA55-7F24E8385981}.Release|Any CPU.Build.0 = Release|Any CPU
		{CFE2B027-BB01-47CB-8317-91F0BA9D4E99}.Debug|Any CPU.ActiveCfg = Debug|Any CPU
		{CFE2B027-BB01-47CB-8317-91F0BA9D4E99}.Debug|Any CPU.Build.0 = Debug|Any CPU
		{CFE2B027-BB01-47CB-8317-91F0BA9D4E99}.Release|Any CPU.ActiveCfg = Release|Any CPU
		{CFE2B027-BB01-47CB-8317-91F0BA9D4E99}.Release|Any CPU.Build.0 = Release|Any CPU
	EndGlobalSection
	GlobalSection(SolutionProperties) = preSolution
		HideSolutionNode = FALSE
	EndGlobalSection
	GlobalSection(ExtensibilityGlobals) = postSolution
		SolutionGuid = {461BDB72-FAF7-4D33-99D0-AFCB67396875}
	EndGlobalSection
EndGlobal
